# THIS IS AN AUTOGENERATED FILE. DO NOT EDIT THIS FILE DIRECTLY.
# yarn lockfile v1


"@rescript/react@^0.12.2":
  version "0.12.2"
  resolved "https://registry.yarnpkg.com/@rescript/react/-/react-0.12.2.tgz#a4a216cb317723005387be297008daca106540ff"
  integrity sha512-EOF19dLTG4Y9K59JqMjG5yfvIsrMZqfxGC2J/oe9gGgrMiUrzZh3KH9khTcR1Z3Ih0lRViSh0/iYnJz20gGoag==

rescript@^11.1.1:
  version "11.1.1"
  resolved "https://registry.yarnpkg.com/rescript/-/rescript-11.1.1.tgz#3e3b59751e5d7472156615e13d957c70d5342c5c"
  integrity sha512-FMELeoiR1n3LzBdBt+k7U4l0vsz5Xh0HBSHf+0NhyhzZkMRLkEKEDNrcqZc6RIux9bxmxoO+zEa9qFM01VOXAw==
