# THIS IS AN AUTOGENERATED FILE. DO NOT EDIT THIS FILE DIRECTLY.
# yarn lockfile v1


ts-pattern@^5.1.1:
  version "5.1.1"
  resolved "https://registry.yarnpkg.com/ts-pattern/-/ts-pattern-5.1.1.tgz#600e0a3d23ab1b0eb30b7c897d0898e940504544"
  integrity sha512-i+owkHr5RYdQxj8olUgRrqpiWH9x27PuWVfXwDmJ/n/CoF/SAa7WW1i2oUpPDMQpJ4U+bGRUcZkVq7i1m3zFCg==
